// !$*UTF8*$!
{
	archiveVersion = 1;
	classes = {
	};
	objectVersion = 56;
	objects = {

/* Begin PBXBuildFile section */
		00E947132B039F5000A8B70A /* Largestnumber.cpp in Sources */ = {isa = PBXBuildFile; fileRef = 00DE676D2B00FA2800D3F808 /* Largestnumber.cpp */; };
/* End PBXBuildFile section */

/* Begin PBXCopyFilesBuildPhase section */
		0026373D2AB5B80D00382823 /* CopyFiles */ = {
			isa = PBXCopyFilesBuildPhase;
			buildActionMask = 2147483647;
			dstPath = /usr/share/man/man1/;
			dstSubfolderSpec = 0;
			files = (
			);
			runOnlyForDeploymentPostprocessing = 1;
		};
/* End PBXCopyFilesBuildPhase section */

/* Begin PBXFileReference section */
		001DA1652AB974EC00164589 /* RotatedBinarySearch.cpp */ = {isa = PBXFileReference; lastKnownFileType = sourcecode.cpp.cpp; path = RotatedBinarySearch.cpp; sourceTree = "<group>"; };
		0026373F2AB5B80D00382823 /* DSA */ = {isa = PBXFileReference; explicitFileType = "compiled.mach-o.executable"; includeInIndex = 0; path = DSA; sourceTree = BUILT_PRODUCTS_DIR; };
		0026374F2AB5B94F00382823 /* BinarySearch.cpp */ = {isa = PBXFileReference; lastKnownFileType = sourcecode.cpp.cpp; path = BinarySearch.cpp; sourceTree = "<group>"; };
		002637512AB5BDB900382823 /* Ceiling.cpp */ = {isa = PBXFileReference; lastKnownFileType = sourcecode.cpp.cpp; path = Ceiling.cpp; sourceTree = "<group>"; };
		002637532AB5C56500382823 /* Floor.cpp */ = {isa = PBXFileReference; lastKnownFileType = sourcecode.cpp.cpp; path = Floor.cpp; sourceTree = "<group>"; };
		002637552AB71AB700382823 /* FirstAndLastOcuurence.cpp */ = {isa = PBXFileReference; lastKnownFileType = sourcecode.cpp.cpp; path = FirstAndLastOcuurence.cpp; sourceTree = "<group>"; };
		002637572AB72B2900382823 /* PeakIndexMountainArray.cpp */ = {isa = PBXFileReference; lastKnownFileType = sourcecode.cpp.cpp; path = PeakIndexMountainArray.cpp; sourceTree = "<group>"; };
		002637592AB8C29000382823 /* FindMountainArray.cpp */ = {isa = PBXFileReference; lastKnownFileType = sourcecode.cpp.cpp; path = FindMountainArray.cpp; sourceTree = "<group>"; };
		004EB2732AEE75D800AAA583 /* CyclicSort.cpp */ = {isa = PBXFileReference; lastKnownFileType = sourcecode.cpp.cpp; path = CyclicSort.cpp; sourceTree = "<group>"; };
		0090FF4C2AE571600036346F /* BubbleSort.cpp */ = {isa = PBXFileReference; lastKnownFileType = sourcecode.cpp.cpp; path = BubbleSort.cpp; sourceTree = "<group>"; };
		0091344A2AEAE962004FE9F4 /* InsertionSort.cpp */ = {isa = PBXFileReference; lastKnownFileType = sourcecode.cpp.cpp; path = InsertionSort.cpp; sourceTree = "<group>"; };
		009168182AF17CB5000DDB01 /* MissingNumber.cpp */ = {isa = PBXFileReference; lastKnownFileType = sourcecode.cpp.cpp; path = MissingNumber.cpp; sourceTree = "<group>"; };
		00917F7B2AFAB25C00BD887D /* FindThreeSum.cpp */ = {isa = PBXFileReference; lastKnownFileType = sourcecode.cpp.cpp; path = FindThreeSum.cpp; sourceTree = "<group>"; };
		009268372AF965EE00192823 /* ThreeSum.cpp */ = {isa = PBXFileReference; lastKnownFileType = sourcecode.cpp.cpp; path = ThreeSum.cpp; sourceTree = "<group>"; };
		0092BFBC2AF6596A00E64B08 /* FindDisappearedNumbers.cpp */ = {isa = PBXFileReference; lastKnownFileType = sourcecode.cpp.cpp; path = FindDisappearedNumbers.cpp; sourceTree = "<group>"; };
		0092BFBE2AF6633900E64B08 /* FindAllDuplicates.cpp */ = {isa = PBXFileReference; lastKnownFileType = sourcecode.cpp.cpp; path = FindAllDuplicates.cpp; sourceTree = "<group>"; };
		0093D1002AFC0AE500344E7A /* ListSort.cpp */ = {isa = PBXFileReference; lastKnownFileType = sourcecode.cpp.cpp; path = ListSort.cpp; sourceTree = "<group>"; };
		009549982ABDF972005F14BB /* KthMissingPositiveNumber.cpp */ = {isa = PBXFileReference; lastKnownFileType = sourcecode.cpp.cpp; path = KthMissingPositiveNumber.cpp; sourceTree = "<group>"; };
		0096E68F2AE80364009D254F /* SelectionSort.cpp */ = {isa = PBXFileReference; lastKnownFileType = sourcecode.cpp.cpp; path = SelectionSort.cpp; sourceTree = "<group>"; };
		00971D6A2AC04B95006B3EB6 /* SpecialArrayWithXElementsGreater.cpp */ = {isa = PBXFileReference; lastKnownFileType = sourcecode.cpp.cpp; path = SpecialArrayWithXElementsGreater.cpp; sourceTree = "<group>"; };
		00971D6C2AC35846006B3EB6 /* SingleElementSortedArray.cpp */ = {isa = PBXFileReference; lastKnownFileType = sourcecode.cpp.cpp; path = SingleElementSortedArray.cpp; sourceTree = "<group>"; };
		00977C2B2ABCAE8F00B5F6E1 /* FairCandySwap.cpp */ = {isa = PBXFileReference; lastKnownFileType = sourcecode.cpp.cpp; path = FairCandySwap.cpp; sourceTree = "<group>"; };
		009D842D2AC998AD001C5526 /* PeakElement.cpp */ = {isa = PBXFileReference; lastKnownFileType = sourcecode.cpp.cpp; path = PeakElement.cpp; sourceTree = "<group>"; };
		009F323F2AD2C93600D99AF7 /* KokoEatingBananas.cpp */ = {isa = PBXFileReference; lastKnownFileType = sourcecode.cpp.cpp; path = KokoEatingBananas.cpp; sourceTree = "<group>"; };
		00C07C222AE3E8B4000FFB3E /* RowColMatrix.cpp */ = {isa = PBXFileReference; lastKnownFileType = sourcecode.cpp.cpp; path = RowColMatrix.cpp; sourceTree = "<group>"; };
		00C07C242AE3F3CC000FFB3E /* SortedMatrix.cpp */ = {isa = PBXFileReference; lastKnownFileType = sourcecode.cpp.cpp; path = SortedMatrix.cpp; sourceTree = "<group>"; };
		00DE676D2B00FA2800D3F808 /* Largestnumber.cpp */ = {isa = PBXFileReference; lastKnownFileType = sourcecode.cpp.cpp; path = Largestnumber.cpp; sourceTree = "<group>"; };
		00E947112B039D7200A8B70A /* MergeIntervals.cpp */ = {isa = PBXFileReference; lastKnownFileType = sourcecode.cpp.cpp; path = MergeIntervals.cpp; sourceTree = "<group>"; };
/* End PBXFileReference section */

/* Begin PBXFrameworksBuildPhase section */
		0026373C2AB5B80D00382823 /* Frameworks */ = {
			isa = PBXFrameworksBuildPhase;
			buildActionMask = 2147483647;
			files = (
			);
			runOnlyForDeploymentPostprocessing = 0;
		};
/* End PBXFrameworksBuildPhase section */

/* Begin PBXGroup section */
		002637362AB5B80D00382823 = {
			isa = PBXGroup;
			children = (
				0090FF4B2AE571470036346F /* Sorting */,
				0026374E2AB5B93500382823 /* BinarySearch */,
				002637402AB5B80D00382823 /* Products */,
			);
			sourceTree = "<group>";
		};
		002637402AB5B80D00382823 /* Products */ = {
			isa = PBXGroup;
			children = (
				0026373F2AB5B80D00382823 /* DSA */,
			);
			name = Products;
			sourceTree = "<group>";
		};
		0026374E2AB5B93500382823 /* BinarySearch */ = {
			isa = PBXGroup;
			children = (
				0026374F2AB5B94F00382823 /* BinarySearch.cpp */,
				002637512AB5BDB900382823 /* Ceiling.cpp */,
				002637532AB5C56500382823 /* Floor.cpp */,
				002637552AB71AB700382823 /* FirstAndLastOcuurence.cpp */,
				002637572AB72B2900382823 /* PeakIndexMountainArray.cpp */,
				002637592AB8C29000382823 /* FindMountainArray.cpp */,
				001DA1652AB974EC00164589 /* RotatedBinarySearch.cpp */,
				00977C2B2ABCAE8F00B5F6E1 /* FairCandySwap.cpp */,
				009549982ABDF972005F14BB /* KthMissingPositiveNumber.cpp */,
				00971D6A2AC04B95006B3EB6 /* SpecialArrayWithXElementsGreater.cpp */,
				00971D6C2AC35846006B3EB6 /* SingleElementSortedArray.cpp */,
				009D842D2AC998AD001C5526 /* PeakElement.cpp */,
				009F323F2AD2C93600D99AF7 /* KokoEatingBananas.cpp */,
				00C07C222AE3E8B4000FFB3E /* RowColMatrix.cpp */,
				00C07C242AE3F3CC000FFB3E /* SortedMatrix.cpp */,
			);
			path = BinarySearch;
			sourceTree = "<group>";
		};
		0090FF4B2AE571470036346F /* Sorting */ = {
			isa = PBXGroup;
			children = (
				0090FF4C2AE571600036346F /* BubbleSort.cpp */,
				0096E68F2AE80364009D254F /* SelectionSort.cpp */,
				0091344A2AEAE962004FE9F4 /* InsertionSort.cpp */,
				004EB2732AEE75D800AAA583 /* CyclicSort.cpp */,
				009168182AF17CB5000DDB01 /* MissingNumber.cpp */,
				0092BFBC2AF6596A00E64B08 /* FindDisappearedNumbers.cpp */,
				0092BFBE2AF6633900E64B08 /* FindAllDuplicates.cpp */,
				009268372AF965EE00192823 /* ThreeSum.cpp */,
				00917F7B2AFAB25C00BD887D /* FindThreeSum.cpp */,
				0093D1002AFC0AE500344E7A /* ListSort.cpp */,
				00DE676D2B00FA2800D3F808 /* Largestnumber.cpp */,
				00E947112B039D7200A8B70A /* MergeIntervals.cpp */,
			);
			path = Sorting;
			sourceTree = "<group>";
		};
/* End PBXGroup section */

/* Begin PBXNativeTarget section */
		0026373E2AB5B80D00382823 /* DSA */ = {
			isa = PBXNativeTarget;
			buildConfigurationList = 002637462AB5B80D00382823 /* Build configuration list for PBXNativeTarget "DSA" */;
			buildPhases = (
				0026373B2AB5B80D00382823 /* Sources */,
				0026373C2AB5B80D00382823 /* Frameworks */,
				0026373D2AB5B80D00382823 /* CopyFiles */,
			);
			buildRules = (
			);
			dependencies = (
			);
			name = DSA;
			productName = DSA;
			productReference = 0026373F2AB5B80D00382823 /* DSA */;
			productType = "com.apple.product-type.tool";
		};
/* End PBXNativeTarget section */

/* Begin PBXProject section */
		002637372AB5B80D00382823 /* Project object */ = {
			isa = PBXProject;
			attributes = {
				BuildIndependentTargetsInParallel = 1;
				LastUpgradeCheck = 1430;
				TargetAttributes = {
					0026373E2AB5B80D00382823 = {
						CreatedOnToolsVersion = 14.3.1;
					};
				};
			};
			buildConfigurationList = 0026373A2AB5B80D00382823 /* Build configuration list for PBXProject "DSA" */;
			compatibilityVersion = "Xcode 14.0";
			developmentRegion = en;
			hasScannedForEncodings = 0;
			knownRegions = (
				en,
				Base,
			);
			mainGroup = 002637362AB5B80D00382823;
			productRefGroup = 002637402AB5B80D00382823 /* Products */;
			projectDirPath = "";
			projectRoot = "";
			targets = (
				0026373E2AB5B80D00382823 /* DSA */,
			);
		};
/* End PBXProject section */

/* Begin PBXSourcesBuildPhase section */
		0026373B2AB5B80D00382823 /* Sources */ = {
			isa = PBXSourcesBuildPhase;
			buildActionMask = 2147483647;
			files = (
				00E947132B039F5000A8B70A /* Largestnumber.cpp in Sources */,
			);
			runOnlyForDeploymentPostprocessing = 0;
		};
/* End PBXSourcesBuildPhase section */

/* Begin XCBuildConfiguration section */
		002637442AB5B80D00382823 /* Debug */ = {
			isa = XCBuildConfiguration;
			buildSettings = {
				ALWAYS_SEARCH_USER_PATHS = NO;
				CLANG_ANALYZER_NONNULL = YES;
				CLANG_ANALYZER_NUMBER_OBJECT_CONVERSION = YES_AGGRESSIVE;
				CLANG_CXX_LANGUAGE_STANDARD = "gnu++20";
				CLANG_ENABLE_MODULES = YES;
				CLANG_ENABLE_OBJC_ARC = YES;
				CLANG_ENABLE_OBJC_WEAK = YES;
				CLANG_WARN_BLOCK_CAPTURE_AUTORELEASING = YES;
				CLANG_WARN_BOOL_CONVERSION = YES;
				CLANG_WARN_COMMA = YES;
				CLANG_WARN_CONSTANT_CONVERSION = YES;
				CLANG_WARN_DEPRECATED_OBJC_IMPLEMENTATIONS = YES;
				CLANG_WARN_DIRECT_OBJC_ISA_USAGE = YES_ERROR;
				CLANG_WARN_DOCUMENTATION_COMMENTS = YES;
				CLANG_WARN_EMPTY_BODY = YES;
				CLANG_WARN_ENUM_CONVERSION = YES;
				CLANG_WARN_INFINITE_RECURSION = YES;
				CLANG_WARN_INT_CONVERSION = YES;
				CLANG_WARN_NON_LITERAL_NULL_CONVERSION = YES;
				CLANG_WARN_OBJC_IMPLICIT_RETAIN_SELF = YES;
				CLANG_WARN_OBJC_LITERAL_CONVERSION = YES;
				CLANG_WARN_OBJC_ROOT_CLASS = YES_ERROR;
				CLANG_WARN_QUOTED_INCLUDE_IN_FRAMEWORK_HEADER = YES;
				CLANG_WARN_RANGE_LOOP_ANALYSIS = YES;
				CLANG_WARN_STRICT_PROTOTYPES = YES;
				CLANG_WARN_SUSPICIOUS_MOVE = YES;
				CLANG_WARN_UNGUARDED_AVAILABILITY = YES_AGGRESSIVE;
				CLANG_WARN_UNREACHABLE_CODE = YES;
				CLANG_WARN__DUPLICATE_METHOD_MATCH = YES;
				COPY_PHASE_STRIP = NO;
				DEBUG_INFORMATION_FORMAT = dwarf;
				ENABLE_STRICT_OBJC_MSGSEND = YES;
				ENABLE_TESTABILITY = YES;
				GCC_C_LANGUAGE_STANDARD = gnu11;
				GCC_DYNAMIC_NO_PIC = NO;
				GCC_NO_COMMON_BLOCKS = YES;
				GCC_OPTIMIZATION_LEVEL = 0;
				GCC_PREPROCESSOR_DEFINITIONS = (
					"DEBUG=1",
					"$(inherited)",
				);
				GCC_WARN_64_TO_32_BIT_CONVERSION = YES;
				GCC_WARN_ABOUT_RETURN_TYPE = YES_ERROR;
				GCC_WARN_UNDECLARED_SELECTOR = YES;
				GCC_WARN_UNINITIALIZED_AUTOS = YES_AGGRESSIVE;
				GCC_WARN_UNUSED_FUNCTION = YES;
				GCC_WARN_UNUSED_VARIABLE = YES;
				MACOSX_DEPLOYMENT_TARGET = 13.3;
				MTL_ENABLE_DEBUG_INFO = INCLUDE_SOURCE;
				MTL_FAST_MATH = YES;
				ONLY_ACTIVE_ARCH = YES;
				SDKROOT = macosx;
			};
			name = Debug;
		};
		002637452AB5B80D00382823 /* Release */ = {
			isa = XCBuildConfiguration;
			buildSettings = {
				ALWAYS_SEARCH_USER_PATHS = NO;
				CLANG_ANALYZER_NONNULL = YES;
				CLANG_ANALYZER_NUMBER_OBJECT_CONVERSION = YES_AGGRESSIVE;
				CLANG_CXX_LANGUAGE_STANDARD = "gnu++20";
				CLANG_ENABLE_MODULES = YES;
				CLANG_ENABLE_OBJC_ARC = YES;
				CLANG_ENABLE_OBJC_WEAK = YES;
				CLANG_WARN_BLOCK_CAPTURE_AUTORELEASING = YES;
				CLANG_WARN_BOOL_CONVERSION = YES;
				CLANG_WARN_COMMA = YES;
				CLANG_WARN_CONSTANT_CONVERSION = YES;
				CLANG_WARN_DEPRECATED_OBJC_IMPLEMENTATIONS = YES;
				CLANG_WARN_DIRECT_OBJC_ISA_USAGE = YES_ERROR;
				CLANG_WARN_DOCUMENTATION_COMMENTS = YES;
				CLANG_WARN_EMPTY_BODY = YES;
				CLANG_WARN_ENUM_CONVERSION = YES;
				CLANG_WARN_INFINITE_RECURSION = YES;
				CLANG_WARN_INT_CONVERSION = YES;
				CLANG_WARN_NON_LITERAL_NULL_CONVERSION = YES;
				CLANG_WARN_OBJC_IMPLICIT_RETAIN_SELF = YES;
				CLANG_WARN_OBJC_LITERAL_CONVERSION = YES;
				CLANG_WARN_OBJC_ROOT_CLASS = YES_ERROR;
				CLANG_WARN_QUOTED_INCLUDE_IN_FRAMEWORK_HEADER = YES;
				CLANG_WARN_RANGE_LOOP_ANALYSIS = YES;
				CLANG_WARN_STRICT_PROTOTYPES = YES;
				CLANG_WARN_SUSPICIOUS_MOVE = YES;
				CLANG_WARN_UNGUARDED_AVAILABILITY = YES_AGGRESSIVE;
				CLANG_WARN_UNREACHABLE_CODE = YES;
				CLANG_WARN__DUPLICATE_METHOD_MATCH = YES;
				COPY_PHASE_STRIP = NO;
				DEBUG_INFORMATION_FORMAT = "dwarf-with-dsym";
				ENABLE_NS_ASSERTIONS = NO;
				ENABLE_STRICT_OBJC_MSGSEND = YES;
				GCC_C_LANGUAGE_STANDARD = gnu11;
				GCC_NO_COMMON_BLOCKS = YES;
				GCC_WARN_64_TO_32_BIT_CONVERSION = YES;
				GCC_WARN_ABOUT_RETURN_TYPE = YES_ERROR;
				GCC_WARN_UNDECLARED_SELECTOR = YES;
				GCC_WARN_UNINITIALIZED_AUTOS = YES_AGGRESSIVE;
				GCC_WARN_UNUSED_FUNCTION = YES;
				GCC_WARN_UNUSED_VARIABLE = YES;
				MACOSX_DEPLOYMENT_TARGET = 13.3;
				MTL_ENABLE_DEBUG_INFO = NO;
				MTL_FAST_MATH = YES;
				SDKROOT = macosx;
			};
			name = Release;
		};
		002637472AB5B80D00382823 /* Debug */ = {
			isa = XCBuildConfiguration;
			buildSettings = {
				CODE_SIGN_STYLE = Automatic;
				PRODUCT_NAME = "$(TARGET_NAME)";
			};
			name = Debug;
		};
		002637482AB5B80D00382823 /* Release */ = {
			isa = XCBuildConfiguration;
			buildSettings = {
				CODE_SIGN_STYLE = Automatic;
				PRODUCT_NAME = "$(TARGET_NAME)";
			};
			name = Release;
		};
/* End XCBuildConfiguration section */

/* Begin XCConfigurationList section */
		0026373A2AB5B80D00382823 /* Build configuration list for PBXProject "DSA" */ = {
			isa = XCConfigurationList;
			buildConfigurations = (
				002637442AB5B80D00382823 /* Debug */,
				002637452AB5B80D00382823 /* Release */,
			);
			defaultConfigurationIsVisible = 0;
			defaultConfigurationName = Release;
		};
		002637462AB5B80D00382823 /* Build configuration list for PBXNativeTarget "DSA" */ = {
			isa = XCConfigurationList;
			buildConfigurations = (
				002637472AB5B80D00382823 /* Debug */,
				002637482AB5B80D00382823 /* Release */,
			);
			defaultConfigurationIsVisible = 0;
			defaultConfigurationName = Release;
		};
/* End XCConfigurationList section */
	};
	rootObject = 002637372AB5B80D00382823 /* Project object */;
}
